// !$*UTF8*$!
{
	archiveVersion = 1;
	classes = {
	};
	objectVersion = 46;
	objects = {

/* Begin PBXBuildFile section */
		ECCBDE5A1D9BB75D008B2B89 /* AppDelegate.swift in Sources */ = {isa = PBXBuildFile; fileRef = ECCBDE591D9BB75D008B2B89 /* AppDelegate.swift */; };
		ECCBDE5C1D9BB75D008B2B89 /* ViewController.swift in Sources */ = {isa = PBXBuildFile; fileRef = ECCBDE5B1D9BB75D008B2B89 /* ViewController.swift */; };
		ECCBDE5F1D9BB75D008B2B89 /* Main.storyboard in Resources */ = {isa = PBXBuildFile; fileRef = ECCBDE5D1D9BB75D008B2B89 /* Main.storyboard */; };
		ECCBDE611D9BB75D008B2B89 /* Assets.xcassets in Resources */ = {isa = PBXBuildFile; fileRef = ECCBDE601D9BB75D008B2B89 /* Assets.xcassets */; };
		ECCBDE641D9BB75D008B2B89 /* LaunchScreen.storyboard in Resources */ = {isa = PBXBuildFile; fileRef = ECCBDE621D9BB75D008B2B89 /* LaunchScreen.storyboard */; };
		ECCBDE6F1D9BB75D008B2B89 /* DynamicViewTests.swift in Sources */ = {isa = PBXBuildFile; fileRef = ECCBDE6E1D9BB75D008B2B89 /* DynamicViewTests.swift */; };
		ECCBDE7A1D9BB75D008B2B89 /* DynamicViewUITests.swift in Sources */ = {isa = PBXBuildFile; fileRef = ECCBDE791D9BB75D008B2B89 /* DynamicViewUITests.swift */; };
/* End PBXBuildFile section */

/* Begin PBXContainerItemProxy section */
		ECCBDE6B1D9BB75D008B2B89 /* PBXContainerItemProxy */ = {
			isa = PBXContainerItemProxy;
			containerPortal = ECCBDE4E1D9BB75D008B2B89 /* Project object */;
			proxyType = 1;
			remoteGlobalIDString = ECCBDE551D9BB75D008B2B89;
			remoteInfo = DynamicView;
		};
		ECCBDE761D9BB75D008B2B89 /* PBXContainerItemProxy */ = {
			isa = PBXContainerItemProxy;
			containerPortal = ECCBDE4E1D9BB75D008B2B89 /* Project object */;
			proxyType = 1;
			remoteGlobalIDString = ECCBDE551D9BB75D008B2B89;
			remoteInfo = DynamicView;
		};
/* End PBXContainerItemProxy section */

/* Begin PBXFileReference section */
		ECCBDE561D9BB75D008B2B89 /* DynamicView.app */ = {isa = PBXFileReference; explicitFileType = wrapper.application; includeInIndex = 0; path = DynamicView.app; sourceTree = BUILT_PRODUCTS_DIR; };
		ECCBDE591D9BB75D008B2B89 /* AppDelegate.swift */ = {isa = PBXFileReference; lastKnownFileType = sourcecode.swift; path = AppDelegate.swift; sourceTree = "<group>"; };
		ECCBDE5B1D9BB75D008B2B89 /* ViewController.swift */ = {isa = PBXFileReference; lastKnownFileType = sourcecode.swift; path = ViewController.swift; sourceTree = "<group>"; };
		ECCBDE5E1D9BB75D008B2B89 /* Base */ = {isa = PBXFileReference; lastKnownFileType = file.storyboard; name = Base; path = Base.lproj/Main.storyboard; sourceTree = "<group>"; };
		ECCBDE601D9BB75D008B2B89 /* Assets.xcassets */ = {isa = PBXFileReference; lastKnownFileType = folder.assetcatalog; path = Assets.xcassets; sourceTree = "<group>"; };
		ECCBDE631D9BB75D008B2B89 /* Base */ = {isa = PBXFileReference; lastKnownFileType = file.storyboard; name = Base; path = Base.lproj/LaunchScreen.storyboard; sourceTree = "<group>"; };
		ECCBDE651D9BB75D008B2B89 /* Info.plist */ = {isa = PBXFileReference; lastKnownFileType = text.plist.xml; path = Info.plist; sourceTree = "<group>"; };
		ECCBDE6A1D9BB75D008B2B89 /* DynamicViewTests.xctest */ = {isa = PBXFileReference; explicitFileType = wrapper.cfbundle; includeInIndex = 0; path = DynamicViewTests.xctest; sourceTree = BUILT_PRODUCTS_DIR; };
		ECCBDE6E1D9BB75D008B2B89 /* DynamicViewTests.swift */ = {isa = PBXFileReference; lastKnownFileType = sourcecode.swift; path = DynamicViewTests.swift; sourceTree = "<group>"; };
		ECCBDE701D9BB75D008B2B89 /* Info.plist */ = {isa = PBXFileReference; lastKnownFileType = text.plist.xml; path = Info.plist; sourceTree = "<group>"; };
		ECCBDE751D9BB75D008B2B89 /* DynamicViewUITests.xctest */ = {isa = PBXFileReference; explicitFileType = wrapper.cfbundle; includeInIndex = 0; path = DynamicViewUITests.xctest; sourceTree = BUILT_PRODUCTS_DIR; };
		ECCBDE791D9BB75D008B2B89 /* DynamicViewUITests.swift */ = {isa = PBXFileReference; lastKnownFileType = sourcecode.swift; path = DynamicViewUITests.swift; sourceTree = "<group>"; };
		ECCBDE7B1D9BB75D008B2B89 /* Info.plist */ = {isa = PBXFileReference; lastKnownFileType = text.plist.xml; path = Info.plist; sourceTree = "<group>"; };
/* End PBXFileReference section */

/* Begin PBXFrameworksBuildPhase section */
		ECCBDE531D9BB75D008B2B89 /* Frameworks */ = {
			isa = PBXFrameworksBuildPhase;
			buildActionMask = 2147483647;
			files = (
			);
			runOnlyForDeploymentPostprocessing = 0;
		};
		ECCBDE671D9BB75D008B2B89 /* Frameworks */ = {
			isa = PBXFrameworksBuildPhase;
			buildActionMask = 2147483647;
			files = (
			);
			runOnlyForDeploymentPostprocessing = 0;
		};
		ECCBDE721D9BB75D008B2B89 /* Frameworks */ = {
			isa = PBXFrameworksBuildPhase;
			buildActionMask = 2147483647;
			files = (
			);
			runOnlyForDeploymentPostprocessing = 0;
		};
/* End PBXFrameworksBuildPhase section */

/* Begin PBXGroup section */
		ECCBDE4D1D9BB75D008B2B89 = {
			isa = PBXGroup;
			children = (
				ECCBDE581D9BB75D008B2B89 /* DynamicView */,
				ECCBDE6D1D9BB75D008B2B89 /* DynamicViewTests */,
				ECCBDE781D9BB75D008B2B89 /* DynamicViewUITests */,
				ECCBDE571D9BB75D008B2B89 /* Products */,
			);
			sourceTree = "<group>";
		};
		ECCBDE571D9BB75D008B2B89 /* Products */ = {
			isa = PBXGroup;
			children = (
				ECCBDE561D9BB75D008B2B89 /* DynamicView.app */,
				ECCBDE6A1D9BB75D008B2B89 /* DynamicViewTests.xctest */,
				ECCBDE751D9BB75D008B2B89 /* DynamicViewUITests.xctest */,
			);
			name = Products;
			sourceTree = "<group>";
		};
		ECCBDE581D9BB75D008B2B89 /* DynamicView */ = {
			isa = PBXGroup;
			children = (
				ECCBDE591D9BB75D008B2B89 /* AppDelegate.swift */,
				ECCBDE5B1D9BB75D008B2B89 /* ViewController.swift */,
				ECCBDE5D1D9BB75D008B2B89 /* Main.storyboard */,
				ECCBDE601D9BB75D008B2B89 /* Assets.xcassets */,
				ECCBDE621D9BB75D008B2B89 /* LaunchScreen.storyboard */,
				ECCBDE651D9BB75D008B2B89 /* Info.plist */,
			);
			path = DynamicView;
			sourceTree = "<group>";
		};
		ECCBDE6D1D9BB75D008B2B89 /* DynamicViewTests */ = {
			isa = PBXGroup;
			children = (
				ECCBDE6E1D9BB75D008B2B89 /* DynamicViewTests.swift */,
				ECCBDE701D9BB75D008B2B89 /* Info.plist */,
			);
			path = DynamicViewTests;
			sourceTree = "<group>";
		};
		ECCBDE781D9BB75D008B2B89 /* DynamicViewUITests */ = {
			isa = PBXGroup;
			children = (
				ECCBDE791D9BB75D008B2B89 /* DynamicViewUITests.swift */,
				ECCBDE7B1D9BB75D008B2B89 /* Info.plist */,
			);
			path = DynamicViewUITests;
			sourceTree = "<group>";
		};
/* End PBXGroup section */

/* Begin PBXNativeTarget section */
		ECCBDE551D9BB75D008B2B89 /* DynamicView */ = {
			isa = PBXNativeTarget;
			buildConfigurationList = ECCBDE7E1D9BB75D008B2B89 /* Build configuration list for PBXNativeTarget "DynamicView" */;
			buildPhases = (
				ECCBDE521D9BB75D008B2B89 /* Sources */,
				ECCBDE531D9BB75D008B2B89 /* Frameworks */,
				ECCBDE541D9BB75D008B2B89 /* Resources */,
			);
			buildRules = (
			);
			dependencies = (
			);
			name = DynamicView;
			productName = DynamicView;
			productReference = ECCBDE561D9BB75D008B2B89 /* DynamicView.app */;
			productType = "com.apple.product-type.application";
		};
		ECCBDE691D9BB75D008B2B89 /* DynamicViewTests */ = {
			isa = PBXNativeTarget;
			buildConfigurationList = ECCBDE811D9BB75D008B2B89 /* Build configuration list for PBXNativeTarget "DynamicViewTests" */;
			buildPhases = (
				ECCBDE661D9BB75D008B2B89 /* Sources */,
				ECCBDE671D9BB75D008B2B89 /* Frameworks */,
				ECCBDE681D9BB75D008B2B89 /* Resources */,
			);
			buildRules = (
			);
			dependencies = (
				ECCBDE6C1D9BB75D008B2B89 /* PBXTargetDependency */,
			);
			name = DynamicViewTests;
			productName = DynamicViewTests;
			productReference = ECCBDE6A1D9BB75D008B2B89 /* DynamicViewTests.xctest */;
			productType = "com.apple.product-type.bundle.unit-test";
		};
		ECCBDE741D9BB75D008B2B89 /* DynamicViewUITests */ = {
			isa = PBXNativeTarget;
			buildConfigurationList = ECCBDE841D9BB75D008B2B89 /* Build configuration list for PBXNativeTarget "DynamicViewUITests" */;
			buildPhases = (
				ECCBDE711D9BB75D008B2B89 /* Sources */,
				ECCBDE721D9BB75D008B2B89 /* Frameworks */,
				ECCBDE731D9BB75D008B2B89 /* Resources */,
			);
			buildRules = (
			);
			dependencies = (
				ECCBDE771D9BB75D008B2B89 /* PBXTargetDependency */,
			);
			name = DynamicViewUITests;
			productName = DynamicViewUITests;
			productReference = ECCBDE751D9BB75D008B2B89 /* DynamicViewUITests.xctest */;
			productType = "com.apple.product-type.bundle.ui-testing";
		};
/* End PBXNativeTarget section */

/* Begin PBXProject section */
		ECCBDE4E1D9BB75D008B2B89 /* Project object */ = {
			isa = PBXProject;
			attributes = {
				LastSwiftUpdateCheck = 0800;
				LastUpgradeCheck = 0800;
				ORGANIZATIONNAME = "楊信之";
				TargetAttributes = {
					ECCBDE551D9BB75D008B2B89 = {
						CreatedOnToolsVersion = 8.0;
						DevelopmentTeam = 3S72DANBXZ;
						ProvisioningStyle = Automatic;
					};
					ECCBDE691D9BB75D008B2B89 = {
						CreatedOnToolsVersion = 8.0;
						DevelopmentTeam = 3S72DANBXZ;
						ProvisioningStyle = Automatic;
						TestTargetID = ECCBDE551D9BB75D008B2B89;
					};
					ECCBDE741D9BB75D008B2B89 = {
						CreatedOnToolsVersion = 8.0;
						DevelopmentTeam = 3S72DANBXZ;
						ProvisioningStyle = Automatic;
						TestTargetID = ECCBDE551D9BB75D008B2B89;
					};
				};
			};
			buildConfigurationList = ECCBDE511D9BB75D008B2B89 /* Build configuration list for PBXProject "DynamicView" */;
			compatibilityVersion = "Xcode 3.2";
			developmentRegion = English;
			hasScannedForEncodings = 0;
			knownRegions = (
				en,
				Base,
			);
			mainGroup = ECCBDE4D1D9BB75D008B2B89;
			productRefGroup = ECCBDE571D9BB75D008B2B89 /* Products */;
			projectDirPath = "";
			projectRoot = "";
			targets = (
				ECCBDE551D9BB75D008B2B89 /* DynamicView */,
				ECCBDE691D9BB75D008B2B89 /* DynamicViewTests */,
				ECCBDE741D9BB75D008B2B89 /* DynamicViewUITests */,
			);
		};
/* End PBXProject section */

/* Begin PBXResourcesBuildPhase section */
		ECCBDE541D9BB75D008B2B89 /* Resources */ = {
			isa = PBXResourcesBuildPhase;
			buildActionMask = 2147483647;
			files = (
				ECCBDE641D9BB75D008B2B89 /* LaunchScreen.storyboard in Resources */,
				ECCBDE611D9BB75D008B2B89 /* Assets.xcassets in Resources */,
				ECCBDE5F1D9BB75D008B2B89 /* Main.storyboard in Resources */,
			);
			runOnlyForDeploymentPostprocessing = 0;
		};
		ECCBDE681D9BB75D008B2B89 /* Resources */ = {
			isa = PBXResourcesBuildPhase;
			buildActionMask = 2147483647;
			files = (
			);
			runOnlyForDeploymentPostprocessing = 0;
		};
		ECCBDE731D9BB75D008B2B89 /* Resources */ = {
			isa = PBXResourcesBuildPhase;
			buildActionMask = 2147483647;
			files = (
			);
			runOnlyForDeploymentPostprocessing = 0;
		};
/* End PBXResourcesBuildPhase section */

/* Begin PBXSourcesBuildPhase section */
		ECCBDE521D9BB75D008B2B89 /* Sources */ = {
			isa = PBXSourcesBuildPhase;
			buildActionMask = 2147483647;
			files = (
				ECCBDE5C1D9BB75D008B2B89 /* ViewController.swift in Sources */,
				ECCBDE5A1D9BB75D008B2B89 /* AppDelegate.swift in Sources */,
			);
			runOnlyForDeploymentPostprocessing = 0;
		};
		ECCBDE661D9BB75D008B2B89 /* Sources */ = {
			isa = PBXSourcesBuildPhase;
			buildActionMask = 2147483647;
			files = (
				ECCBDE6F1D9BB75D008B2B89 /* DynamicViewTests.swift in Sources */,
			);
			runOnlyForDeploymentPostprocessing = 0;
		};
		ECCBDE711D9BB75D008B2B89 /* Sources */ = {
			isa = PBXSourcesBuildPhase;
			buildActionMask = 2147483647;
			files = (
				ECCBDE7A1D9BB75D008B2B89 /* DynamicViewUITests.swift in Sources */,
			);
			runOnlyForDeploymentPostprocessing = 0;
		};
/* End PBXSourcesBuildPhase section */

/* Begin PBXTargetDependency section */
		ECCBDE6C1D9BB75D008B2B89 /* PBXTargetDependency */ = {
			isa = PBXTargetDependency;
			target = ECCBDE551D9BB75D008B2B89 /* DynamicView */;
			targetProxy = ECCBDE6B1D9BB75D008B2B89 /* PBXContainerItemProxy */;
		};
		ECCBDE771D9BB75D008B2B89 /* PBXTargetDependency */ = {
			isa = PBXTargetDependency;
			target = ECCBDE551D9BB75D008B2B89 /* DynamicView */;
			targetProxy = ECCBDE761D9BB75D008B2B89 /* PBXContainerItemProxy */;
		};
/* End PBXTargetDependency section */

/* Begin PBXVariantGroup section */
		ECCBDE5D1D9BB75D008B2B89 /* Main.storyboard */ = {
			isa = PBXVariantGroup;
			children = (
				ECCBDE5E1D9BB75D008B2B89 /* Base */,
			);
			name = Main.storyboard;
			sourceTree = "<group>";
		};
		ECCBDE621D9BB75D008B2B89 /* LaunchScreen.storyboard */ = {
			isa = PBXVariantGroup;
			children = (
				ECCBDE631D9BB75D008B2B89 /* Base */,
			);
			name = LaunchScreen.storyboard;
			sourceTree = "<group>";
		};
/* End PBXVariantGroup section */

/* Begin XCBuildConfiguration section */
		ECCBDE7C1D9BB75D008B2B89 /* Debug */ = {
			isa = XCBuildConfiguration;
			buildSettings = {
				ALWAYS_SEARCH_USER_PATHS = NO;
				CLANG_ANALYZER_NONNULL = YES;
				CLANG_CXX_LANGUAGE_STANDARD = "gnu++0x";
				CLANG_CXX_LIBRARY = "libc++";
				CLANG_ENABLE_MODULES = YES;
				CLANG_ENABLE_OBJC_ARC = YES;
				CLANG_WARN_BOOL_CONVERSION = YES;
				CLANG_WARN_CONSTANT_CONVERSION = YES;
				CLANG_WARN_DIRECT_OBJC_ISA_USAGE = YES_ERROR;
				CLANG_WARN_DOCUMENTATION_COMMENTS = YES;
				CLANG_WARN_EMPTY_BODY = YES;
				CLANG_WARN_ENUM_CONVERSION = YES;
				CLANG_WARN_INFINITE_RECURSION = YES;
				CLANG_WARN_INT_CONVERSION = YES;
				CLANG_WARN_OBJC_ROOT_CLASS = YES_ERROR;
				CLANG_WARN_SUSPICIOUS_MOVES = YES;
				CLANG_WARN_UNREACHABLE_CODE = YES;
				CLANG_WARN__DUPLICATE_METHOD_MATCH = YES;
				"CODE_SIGN_IDENTITY[sdk=iphoneos*]" = "iPhone Developer";
				COPY_PHASE_STRIP = NO;
				DEBUG_INFORMATION_FORMAT = dwarf;
				ENABLE_STRICT_OBJC_MSGSEND = YES;
				ENABLE_TESTABILITY = YES;
				GCC_C_LANGUAGE_STANDARD = gnu99;
				GCC_DYNAMIC_NO_PIC = NO;
				GCC_NO_COMMON_BLOCKS = YES;
				GCC_OPTIMIZATION_LEVEL = 0;
				GCC_PREPROCESSOR_DEFINITIONS = (
					"DEBUG=1",
					"$(inherited)",
				);
				GCC_WARN_64_TO_32_BIT_CONVERSION = YES;
				GCC_WARN_ABOUT_RETURN_TYPE = YES_ERROR;
				GCC_WARN_UNDECLARED_SELECTOR = YES;
				GCC_WARN_UNINITIALIZED_AUTOS = YES_AGGRESSIVE;
				GCC_WARN_UNUSED_FUNCTION = YES;
				GCC_WARN_UNUSED_VARIABLE = YES;
				IPHONEOS_DEPLOYMENT_TARGET = 10.0;
				MTL_ENABLE_DEBUG_INFO = YES;
				ONLY_ACTIVE_ARCH = YES;
				SDKROOT = iphoneos;
				SWIFT_ACTIVE_COMPILATION_CONDITIONS = DEBUG;
				SWIFT_OPTIMIZATION_LEVEL = "-Onone";
				TARGETED_DEVICE_FAMILY = "1,2";
			};
			name = Debug;
		};
		ECCBDE7D1D9BB75D008B2B89 /* Release */ = {
			isa = XCBuildConfiguration;
			buildSettings = {
				ALWAYS_SEARCH_USER_PATHS = NO;
				CLANG_ANALYZER_NONNULL = YES;
				CLANG_CXX_LANGUAGE_STANDARD = "gnu++0x";
				CLANG_CXX_LIBRARY = "libc++";
				CLANG_ENABLE_MODULES = YES;
				CLANG_ENABLE_OBJC_ARC = YES;
				CLANG_WARN_BOOL_CONVERSION = YES;
				CLANG_WARN_CONSTANT_CONVERSION = YES;
				CLANG_WARN_DIRECT_OBJC_ISA_USAGE = YES_ERROR;
				CLANG_WARN_DOCUMENTATION_COMMENTS = YES;
				CLANG_WARN_EMPTY_BODY = YES;
				CLANG_WARN_ENUM_CONVERSION = YES;
				CLANG_WARN_INFINITE_RECURSION = YES;
				CLANG_WARN_INT_CONVERSION = YES;
				CLANG_WARN_OBJC_ROOT_CLASS = YES_ERROR;
				CLANG_WARN_SUSPICIOUS_MOVES = YES;
				CLANG_WARN_UNREACHABLE_CODE = YES;
				CLANG_WARN__DUPLICATE_METHOD_MATCH = YES;
				"CODE_SIGN_IDENTITY[sdk=iphoneos*]" = "iPhone Developer";
				COPY_PHASE_STRIP = NO;
				DEBUG_INFORMATION_FORMAT = "dwarf-with-dsym";
				ENABLE_NS_ASSERTIONS = NO;
				ENABLE_STRICT_OBJC_MSGSEND = YES;
				GCC_C_LANGUAGE_STANDARD = gnu99;
				GCC_NO_COMMON_BLOCKS = YES;
				GCC_WARN_64_TO_32_BIT_CONVERSION = YES;
				GCC_WARN_ABOUT_RETURN_TYPE = YES_ERROR;
				GCC_WARN_UNDECLARED_SELECTOR = YES;
				GCC_WARN_UNINITIALIZED_AUTOS = YES_AGGRESSIVE;
				GCC_WARN_UNUSED_FUNCTION = YES;
				GCC_WARN_UNUSED_VARIABLE = YES;
				IPHONEOS_DEPLOYMENT_TARGET = 10.0;
				MTL_ENABLE_DEBUG_INFO = NO;
				SDKROOT = iphoneos;
				SWIFT_OPTIMIZATION_LEVEL = "-Owholemodule";
				TARGETED_DEVICE_FAMILY = "1,2";
				VALIDATE_PRODUCT = YES;
			};
			name = Release;
		};
		ECCBDE7F1D9BB75D008B2B89 /* Debug */ = {
			isa = XCBuildConfiguration;
			buildSettings = {
				ASSETCATALOG_COMPILER_APPICON_NAME = AppIcon;
				DEVELOPMENT_TEAM = 3S72DANBXZ;
				INFOPLIST_FILE = DynamicView/Info.plist;
				LD_RUNPATH_SEARCH_PATHS = "$(inherited) @executable_path/Frameworks";
				PRODUCT_BUNDLE_IDENTIFIER = XDEX.DynamicView;
				PRODUCT_NAME = "$(TARGET_NAME)";
				SWIFT_VERSION = 3.0;
			};
			name = Debug;
		};
		ECCBDE801D9BB75D008B2B89 /* Release */ = {
			isa = XCBuildConfiguration;
			buildSettings = {
				ASSETCATALOG_COMPILER_APPICON_NAME = AppIcon;
				DEVELOPMENT_TEAM = 3S72DANBXZ;
				INFOPLIST_FILE = DynamicView/Info.plist;
				LD_RUNPATH_SEARCH_PATHS = "$(inherited) @executable_path/Frameworks";
				PRODUCT_BUNDLE_IDENTIFIER = XDEX.DynamicView;
				PRODUCT_NAME = "$(TARGET_NAME)";
				SWIFT_VERSION = 3.0;
			};
			name = Release;
		};
		ECCBDE821D9BB75D008B2B89 /* Debug */ = {
			isa = XCBuildConfiguration;
			buildSettings = {
				ALWAYS_EMBED_SWIFT_STANDARD_LIBRARIES = YES;
				BUNDLE_LOADER = "$(TEST_HOST)";
				DEVELOPMENT_TEAM = 3S72DANBXZ;
				INFOPLIST_FILE = DynamicViewTests/Info.plist;
				LD_RUNPATH_SEARCH_PATHS = "$(inherited) @executable_path/Frameworks @loader_path/Frameworks";
				PRODUCT_BUNDLE_IDENTIFIER = XDEX.DynamicViewTests;
				PRODUCT_NAME = "$(TARGET_NAME)";
				SWIFT_VERSION = 3.0;
				TEST_HOST = "$(BUILT_PRODUCTS_DIR)/DynamicView.app/DynamicView";
			};
			name = Debug;
		};
		ECCBDE831D9BB75D008B2B89 /* Release */ = {
			isa = XCBuildConfiguration;
			buildSettings = {
				ALWAYS_EMBED_SWIFT_STANDARD_LIBRARIES = YES;
				BUNDLE_LOADER = "$(TEST_HOST)";
				DEVELOPMENT_TEAM = 3S72DANBXZ;
				INFOPLIST_FILE = DynamicViewTests/Info.plist;
				LD_RUNPATH_SEARCH_PATHS = "$(inherited) @executable_path/Frameworks @loader_path/Frameworks";
				PRODUCT_BUNDLE_IDENTIFIER = XDEX.DynamicViewTests;
				PRODUCT_NAME = "$(TARGET_NAME)";
				SWIFT_VERSION = 3.0;
				TEST_HOST = "$(BUILT_PRODUCTS_DIR)/DynamicView.app/DynamicView";
			};
			name = Release;
		};
		ECCBDE851D9BB75D008B2B89 /* Debug */ = {
			isa = XCBuildConfiguration;
			buildSettings = {
				ALWAYS_EMBED_SWIFT_STANDARD_LIBRARIES = YES;
				DEVELOPMENT_TEAM = 3S72DANBXZ;
				INFOPLIST_FILE = DynamicViewUITests/Info.plist;
				LD_RUNPATH_SEARCH_PATHS = "$(inherited) @executable_path/Frameworks @loader_path/Frameworks";
				PRODUCT_BUNDLE_IDENTIFIER = XDEX.DynamicViewUITests;
				PRODUCT_NAME = "$(TARGET_NAME)";
				SWIFT_VERSION = 3.0;
				TEST_TARGET_NAME = DynamicView;
			};
			name = Debug;
		};
		ECCBDE861D9BB75D008B2B89 /* Release */ = {
			isa = XCBuildConfiguration;
			buildSettings = {
				ALWAYS_EMBED_SWIFT_STANDARD_LIBRARIES = YES;
				DEVELOPMENT_TEAM = 3S72DANBXZ;
				INFOPLIST_FILE = DynamicViewUITests/Info.plist;
				LD_RUNPATH_SEARCH_PATHS = "$(inherited) @executable_path/Frameworks @loader_path/Frameworks";
				PRODUCT_BUNDLE_IDENTIFIER = XDEX.DynamicViewUITests;
				PRODUCT_NAME = "$(TARGET_NAME)";
				SWIFT_VERSION = 3.0;
				TEST_TARGET_NAME = DynamicView;
			};
			name = Release;
		};
/* End XCBuildConfiguration section */

/* Begin XCConfigurationList section */
		ECCBDE511D9BB75D008B2B89 /* Build configuration list for PBXProject "DynamicView" */ = {
			isa = XCConfigurationList;
			buildConfigurations = (
				ECCBDE7C1D9BB75D008B2B89 /* Debug */,
				ECCBDE7D1D9BB75D008B2B89 /* Release */,
			);
			defaultConfigurationIsVisible = 0;
			defaultConfigurationName = Release;
		};
		ECCBDE7E1D9BB75D008B2B89 /* Build configuration list for PBXNativeTarget "DynamicView" */ = {
			isa = XCConfigurationList;
			buildConfigurations = (
				ECCBDE7F1D9BB75D008B2B89 /* Debug */,
				ECCBDE801D9BB75D008B2B89 /* Release */,
			);
			defaultConfigurationIsVisible = 0;
		};
		ECCBDE811D9BB75D008B2B89 /* Build configuration list for PBXNativeTarget "DynamicViewTests" */ = {
			isa = XCConfigurationList;
			buildConfigurations = (
				ECCBDE821D9BB75D008B2B89 /* Debug */,
				ECCBDE831D9BB75D008B2B89 /* Release */,
			);
			defaultConfigurationIsVisible = 0;
		};
		ECCBDE841D9BB75D008B2B89 /* Build configuration list for PBXNativeTarget "DynamicViewUITests" */ = {
			isa = XCConfigurationList;
			buildConfigurations = (
				ECCBDE851D9BB75D008B2B89 /* Debug */,
				ECCBDE861D9BB75D008B2B89 /* Release */,
			);
			defaultConfigurationIsVisible = 0;
		};
/* End XCConfigurationList section */
	};
	rootObject = ECCBDE4E1D9BB75D008B2B89 /* Project object */;
}
