// !$*UTF8*$!
{
	archiveVersion = 1;
	classes = {
	};
	objectVersion = 46;
	objects = {

/* Begin PBXBuildFile section */
		ECCFC3171D98CE2A00D2AA99 /* Main.storyboard in Resources */ = {isa = PBXBuildFile; fileRef = ECCFC3151D98CE2A00D2AA99 /* Main.storyboard */; };
		ECCFC31A1D98CE2A00D2AA99 /* Snack.xcdatamodeld in Sources */ = {isa = PBXBuildFile; fileRef = ECCFC3181D98CE2A00D2AA99 /* Snack.xcdatamodeld */; };
		ECCFC31C1D98CE2A00D2AA99 /* Assets.xcassets in Resources */ = {isa = PBXBuildFile; fileRef = ECCFC31B1D98CE2A00D2AA99 /* Assets.xcassets */; };
		ECCFC31F1D98CE2A00D2AA99 /* LaunchScreen.storyboard in Resources */ = {isa = PBXBuildFile; fileRef = ECCFC31D1D98CE2A00D2AA99 /* LaunchScreen.storyboard */; };
		ECCFC32A1D98CE2A00D2AA99 /* SnackTests.swift in Sources */ = {isa = PBXBuildFile; fileRef = ECCFC3291D98CE2A00D2AA99 /* SnackTests.swift */; };
		ECCFC3351D98CE2A00D2AA99 /* SnackUITests.swift in Sources */ = {isa = PBXBuildFile; fileRef = ECCFC3341D98CE2A00D2AA99 /* SnackUITests.swift */; };
		ECCFC3441D98CEB100D2AA99 /* ViewController.swift in Sources */ = {isa = PBXBuildFile; fileRef = ECCFC3431D98CEB100D2AA99 /* ViewController.swift */; };
		ECCFC3481D98CEDC00D2AA99 /* AppDelegate.swift in Sources */ = {isa = PBXBuildFile; fileRef = ECCFC3461D98CEDC00D2AA99 /* AppDelegate.swift */; };
		ECCFC34B1D98D1C800D2AA99 /* Snack.swift in Sources */ = {isa = PBXBuildFile; fileRef = ECCFC34A1D98D1C800D2AA99 /* Snack.swift */; };
/* End PBXBuildFile section */

/* Begin PBXContainerItemProxy section */
		ECCFC3261D98CE2A00D2AA99 /* PBXContainerItemProxy */ = {
			isa = PBXContainerItemProxy;
			containerPortal = ECCFC3061D98CE2A00D2AA99 /* Project object */;
			proxyType = 1;
			remoteGlobalIDString = ECCFC30D1D98CE2A00D2AA99;
			remoteInfo = Snack;
		};
		ECCFC3311D98CE2A00D2AA99 /* PBXContainerItemProxy */ = {
			isa = PBXContainerItemProxy;
			containerPortal = ECCFC3061D98CE2A00D2AA99 /* Project object */;
			proxyType = 1;
			remoteGlobalIDString = ECCFC30D1D98CE2A00D2AA99;
			remoteInfo = Snack;
		};
/* End PBXContainerItemProxy section */

/* Begin PBXFileReference section */
		ECCFC30E1D98CE2A00D2AA99 /* Snack.app */ = {isa = PBXFileReference; explicitFileType = wrapper.application; includeInIndex = 0; path = Snack.app; sourceTree = BUILT_PRODUCTS_DIR; };
		ECCFC3161D98CE2A00D2AA99 /* Base */ = {isa = PBXFileReference; lastKnownFileType = file.storyboard; name = Base; path = Base.lproj/Main.storyboard; sourceTree = "<group>"; };
		ECCFC3191D98CE2A00D2AA99 /* Snack.xcdatamodel */ = {isa = PBXFileReference; lastKnownFileType = wrapper.xcdatamodel; path = Snack.xcdatamodel; sourceTree = "<group>"; };
		ECCFC31B1D98CE2A00D2AA99 /* Assets.xcassets */ = {isa = PBXFileReference; lastKnownFileType = folder.assetcatalog; path = Assets.xcassets; sourceTree = "<group>"; };
		ECCFC31E1D98CE2A00D2AA99 /* Base */ = {isa = PBXFileReference; lastKnownFileType = file.storyboard; name = Base; path = Base.lproj/LaunchScreen.storyboard; sourceTree = "<group>"; };
		ECCFC3201D98CE2A00D2AA99 /* Info.plist */ = {isa = PBXFileReference; lastKnownFileType = text.plist.xml; path = Info.plist; sourceTree = "<group>"; };
		ECCFC3251D98CE2A00D2AA99 /* SnackTests.xctest */ = {isa = PBXFileReference; explicitFileType = wrapper.cfbundle; includeInIndex = 0; path = SnackTests.xctest; sourceTree = BUILT_PRODUCTS_DIR; };
		ECCFC3291D98CE2A00D2AA99 /* SnackTests.swift */ = {isa = PBXFileReference; lastKnownFileType = sourcecode.swift; path = SnackTests.swift; sourceTree = "<group>"; };
		ECCFC32B1D98CE2A00D2AA99 /* Info.plist */ = {isa = PBXFileReference; lastKnownFileType = text.plist.xml; path = Info.plist; sourceTree = "<group>"; };
		ECCFC3301D98CE2A00D2AA99 /* SnackUITests.xctest */ = {isa = PBXFileReference; explicitFileType = wrapper.cfbundle; includeInIndex = 0; path = SnackUITests.xctest; sourceTree = BUILT_PRODUCTS_DIR; };
		ECCFC3341D98CE2A00D2AA99 /* SnackUITests.swift */ = {isa = PBXFileReference; lastKnownFileType = sourcecode.swift; path = SnackUITests.swift; sourceTree = "<group>"; };
		ECCFC3361D98CE2A00D2AA99 /* Info.plist */ = {isa = PBXFileReference; lastKnownFileType = text.plist.xml; path = Info.plist; sourceTree = "<group>"; };
		ECCFC3431D98CEB100D2AA99 /* ViewController.swift */ = {isa = PBXFileReference; fileEncoding = 4; lastKnownFileType = sourcecode.swift; path = ViewController.swift; sourceTree = "<group>"; };
		ECCFC3461D98CEDC00D2AA99 /* AppDelegate.swift */ = {isa = PBXFileReference; fileEncoding = 4; lastKnownFileType = sourcecode.swift; path = AppDelegate.swift; sourceTree = "<group>"; };
		ECCFC34A1D98D1C800D2AA99 /* Snack.swift */ = {isa = PBXFileReference; fileEncoding = 4; lastKnownFileType = sourcecode.swift; path = Snack.swift; sourceTree = "<group>"; };
/* End PBXFileReference section */

/* Begin PBXFrameworksBuildPhase section */
		ECCFC30B1D98CE2A00D2AA99 /* Frameworks */ = {
			isa = PBXFrameworksBuildPhase;
			buildActionMask = 2147483647;
			files = (
			);
			runOnlyForDeploymentPostprocessing = 0;
		};
		ECCFC3221D98CE2A00D2AA99 /* Frameworks */ = {
			isa = PBXFrameworksBuildPhase;
			buildActionMask = 2147483647;
			files = (
			);
			runOnlyForDeploymentPostprocessing = 0;
		};
		ECCFC32D1D98CE2A00D2AA99 /* Frameworks */ = {
			isa = PBXFrameworksBuildPhase;
			buildActionMask = 2147483647;
			files = (
			);
			runOnlyForDeploymentPostprocessing = 0;
		};
/* End PBXFrameworksBuildPhase section */

/* Begin PBXGroup section */
		ECCFC3051D98CE2A00D2AA99 = {
			isa = PBXGroup;
			children = (
				ECCFC3101D98CE2A00D2AA99 /* Snack */,
				ECCFC3281D98CE2A00D2AA99 /* SnackTests */,
				ECCFC3331D98CE2A00D2AA99 /* SnackUITests */,
				ECCFC30F1D98CE2A00D2AA99 /* Products */,
			);
			sourceTree = "<group>";
		};
		ECCFC30F1D98CE2A00D2AA99 /* Products */ = {
			isa = PBXGroup;
			children = (
				ECCFC30E1D98CE2A00D2AA99 /* Snack.app */,
				ECCFC3251D98CE2A00D2AA99 /* SnackTests.xctest */,
				ECCFC3301D98CE2A00D2AA99 /* SnackUITests.xctest */,
			);
			name = Products;
			sourceTree = "<group>";
		};
		ECCFC3101D98CE2A00D2AA99 /* Snack */ = {
			isa = PBXGroup;
			children = (
				ECCFC3451D98CEDC00D2AA99 /* System */,
				ECCFC3491D98CEE800D2AA99 /* Model */,
				ECCFC3471D98CEDC00D2AA99 /* View */,
				ECCFC3421D98CEB100D2AA99 /* ViewController */,
				ECCFC3151D98CE2A00D2AA99 /* Main.storyboard */,
				ECCFC31B1D98CE2A00D2AA99 /* Assets.xcassets */,
				ECCFC31D1D98CE2A00D2AA99 /* LaunchScreen.storyboard */,
				ECCFC3201D98CE2A00D2AA99 /* Info.plist */,
				ECCFC3181D98CE2A00D2AA99 /* Snack.xcdatamodeld */,
			);
			path = Snack;
			sourceTree = "<group>";
		};
		ECCFC3281D98CE2A00D2AA99 /* SnackTests */ = {
			isa = PBXGroup;
			children = (
				ECCFC3291D98CE2A00D2AA99 /* SnackTests.swift */,
				ECCFC32B1D98CE2A00D2AA99 /* Info.plist */,
			);
			path = SnackTests;
			sourceTree = "<group>";
		};
		ECCFC3331D98CE2A00D2AA99 /* SnackUITests */ = {
			isa = PBXGroup;
			children = (
				ECCFC3341D98CE2A00D2AA99 /* SnackUITests.swift */,
				ECCFC3361D98CE2A00D2AA99 /* Info.plist */,
			);
			path = SnackUITests;
			sourceTree = "<group>";
		};
		ECCFC3421D98CEB100D2AA99 /* ViewController */ = {
			isa = PBXGroup;
			children = (
				ECCFC3431D98CEB100D2AA99 /* ViewController.swift */,
			);
			path = ViewController;
			sourceTree = "<group>";
		};
		ECCFC3451D98CEDC00D2AA99 /* System */ = {
			isa = PBXGroup;
			children = (
				ECCFC3461D98CEDC00D2AA99 /* AppDelegate.swift */,
			);
			path = System;
			sourceTree = "<group>";
		};
		ECCFC3471D98CEDC00D2AA99 /* View */ = {
			isa = PBXGroup;
			children = (
			);
			path = View;
			sourceTree = "<group>";
		};
		ECCFC3491D98CEE800D2AA99 /* Model */ = {
			isa = PBXGroup;
			children = (
				ECCFC34A1D98D1C800D2AA99 /* Snack.swift */,
			);
			path = Model;
			sourceTree = "<group>";
		};
/* End PBXGroup section */

/* Begin PBXNativeTarget section */
		ECCFC30D1D98CE2A00D2AA99 /* Snack */ = {
			isa = PBXNativeTarget;
			buildConfigurationList = ECCFC3391D98CE2A00D2AA99 /* Build configuration list for PBXNativeTarget "Snack" */;
			buildPhases = (
				ECCFC30A1D98CE2A00D2AA99 /* Sources */,
				ECCFC30B1D98CE2A00D2AA99 /* Frameworks */,
				ECCFC30C1D98CE2A00D2AA99 /* Resources */,
			);
			buildRules = (
			);
			dependencies = (
			);
			name = Snack;
			productName = Snack;
			productReference = ECCFC30E1D98CE2A00D2AA99 /* Snack.app */;
			productType = "com.apple.product-type.application";
		};
		ECCFC3241D98CE2A00D2AA99 /* SnackTests */ = {
			isa = PBXNativeTarget;
			buildConfigurationList = ECCFC33C1D98CE2A00D2AA99 /* Build configuration list for PBXNativeTarget "SnackTests" */;
			buildPhases = (
				ECCFC3211D98CE2A00D2AA99 /* Sources */,
				ECCFC3221D98CE2A00D2AA99 /* Frameworks */,
				ECCFC3231D98CE2A00D2AA99 /* Resources */,
			);
			buildRules = (
			);
			dependencies = (
				ECCFC3271D98CE2A00D2AA99 /* PBXTargetDependency */,
			);
			name = SnackTests;
			productName = SnackTests;
			productReference = ECCFC3251D98CE2A00D2AA99 /* SnackTests.xctest */;
			productType = "com.apple.product-type.bundle.unit-test";
		};
		ECCFC32F1D98CE2A00D2AA99 /* SnackUITests */ = {
			isa = PBXNativeTarget;
			buildConfigurationList = ECCFC33F1D98CE2A00D2AA99 /* Build configuration list for PBXNativeTarget "SnackUITests" */;
			buildPhases = (
				ECCFC32C1D98CE2A00D2AA99 /* Sources */,
				ECCFC32D1D98CE2A00D2AA99 /* Frameworks */,
				ECCFC32E1D98CE2A00D2AA99 /* Resources */,
			);
			buildRules = (
			);
			dependencies = (
				ECCFC3321D98CE2A00D2AA99 /* PBXTargetDependency */,
			);
			name = SnackUITests;
			productName = SnackUITests;
			productReference = ECCFC3301D98CE2A00D2AA99 /* SnackUITests.xctest */;
			productType = "com.apple.product-type.bundle.ui-testing";
		};
/* End PBXNativeTarget section */

/* Begin PBXProject section */
		ECCFC3061D98CE2A00D2AA99 /* Project object */ = {
			isa = PBXProject;
			attributes = {
				LastSwiftUpdateCheck = 0800;
				LastUpgradeCheck = 0800;
				ORGANIZATIONNAME = "楊信之";
				TargetAttributes = {
					ECCFC30D1D98CE2A00D2AA99 = {
						CreatedOnToolsVersion = 8.0;
						DevelopmentTeam = 3S72DANBXZ;
						ProvisioningStyle = Automatic;
					};
					ECCFC3241D98CE2A00D2AA99 = {
						CreatedOnToolsVersion = 8.0;
						DevelopmentTeam = 3S72DANBXZ;
						ProvisioningStyle = Automatic;
						TestTargetID = ECCFC30D1D98CE2A00D2AA99;
					};
					ECCFC32F1D98CE2A00D2AA99 = {
						CreatedOnToolsVersion = 8.0;
						DevelopmentTeam = 3S72DANBXZ;
						ProvisioningStyle = Automatic;
						TestTargetID = ECCFC30D1D98CE2A00D2AA99;
					};
				};
			};
			buildConfigurationList = ECCFC3091D98CE2A00D2AA99 /* Build configuration list for PBXProject "Snack" */;
			compatibilityVersion = "Xcode 3.2";
			developmentRegion = English;
			hasScannedForEncodings = 0;
			knownRegions = (
				en,
				Base,
			);
			mainGroup = ECCFC3051D98CE2A00D2AA99;
			productRefGroup = ECCFC30F1D98CE2A00D2AA99 /* Products */;
			projectDirPath = "";
			projectRoot = "";
			targets = (
				ECCFC30D1D98CE2A00D2AA99 /* Snack */,
				ECCFC3241D98CE2A00D2AA99 /* SnackTests */,
				ECCFC32F1D98CE2A00D2AA99 /* SnackUITests */,
			);
		};
/* End PBXProject section */

/* Begin PBXResourcesBuildPhase section */
		ECCFC30C1D98CE2A00D2AA99 /* Resources */ = {
			isa = PBXResourcesBuildPhase;
			buildActionMask = 2147483647;
			files = (
				ECCFC31F1D98CE2A00D2AA99 /* LaunchScreen.storyboard in Resources */,
				ECCFC31C1D98CE2A00D2AA99 /* Assets.xcassets in Resources */,
				ECCFC3171D98CE2A00D2AA99 /* Main.storyboard in Resources */,
			);
			runOnlyForDeploymentPostprocessing = 0;
		};
		ECCFC3231D98CE2A00D2AA99 /* Resources */ = {
			isa = PBXResourcesBuildPhase;
			buildActionMask = 2147483647;
			files = (
			);
			runOnlyForDeploymentPostprocessing = 0;
		};
		ECCFC32E1D98CE2A00D2AA99 /* Resources */ = {
			isa = PBXResourcesBuildPhase;
			buildActionMask = 2147483647;
			files = (
			);
			runOnlyForDeploymentPostprocessing = 0;
		};
/* End PBXResourcesBuildPhase section */

/* Begin PBXSourcesBuildPhase section */
		ECCFC30A1D98CE2A00D2AA99 /* Sources */ = {
			isa = PBXSourcesBuildPhase;
			buildActionMask = 2147483647;
			files = (
				ECCFC3481D98CEDC00D2AA99 /* AppDelegate.swift in Sources */,
				ECCFC3441D98CEB100D2AA99 /* ViewController.swift in Sources */,
				ECCFC34B1D98D1C800D2AA99 /* Snack.swift in Sources */,
				ECCFC31A1D98CE2A00D2AA99 /* Snack.xcdatamodeld in Sources */,
			);
			runOnlyForDeploymentPostprocessing = 0;
		};
		ECCFC3211D98CE2A00D2AA99 /* Sources */ = {
			isa = PBXSourcesBuildPhase;
			buildActionMask = 2147483647;
			files = (
				ECCFC32A1D98CE2A00D2AA99 /* SnackTests.swift in Sources */,
			);
			runOnlyForDeploymentPostprocessing = 0;
		};
		ECCFC32C1D98CE2A00D2AA99 /* Sources */ = {
			isa = PBXSourcesBuildPhase;
			buildActionMask = 2147483647;
			files = (
				ECCFC3351D98CE2A00D2AA99 /* SnackUITests.swift in Sources */,
			);
			runOnlyForDeploymentPostprocessing = 0;
		};
/* End PBXSourcesBuildPhase section */

/* Begin PBXTargetDependency section */
		ECCFC3271D98CE2A00D2AA99 /* PBXTargetDependency */ = {
			isa = PBXTargetDependency;
			target = ECCFC30D1D98CE2A00D2AA99 /* Snack */;
			targetProxy = ECCFC3261D98CE2A00D2AA99 /* PBXContainerItemProxy */;
		};
		ECCFC3321D98CE2A00D2AA99 /* PBXTargetDependency */ = {
			isa = PBXTargetDependency;
			target = ECCFC30D1D98CE2A00D2AA99 /* Snack */;
			targetProxy = ECCFC3311D98CE2A00D2AA99 /* PBXContainerItemProxy */;
		};
/* End PBXTargetDependency section */

/* Begin PBXVariantGroup section */
		ECCFC3151D98CE2A00D2AA99 /* Main.storyboard */ = {
			isa = PBXVariantGroup;
			children = (
				ECCFC3161D98CE2A00D2AA99 /* Base */,
			);
			name = Main.storyboard;
			sourceTree = "<group>";
		};
		ECCFC31D1D98CE2A00D2AA99 /* LaunchScreen.storyboard */ = {
			isa = PBXVariantGroup;
			children = (
				ECCFC31E1D98CE2A00D2AA99 /* Base */,
			);
			name = LaunchScreen.storyboard;
			sourceTree = "<group>";
		};
/* End PBXVariantGroup section */

/* Begin XCBuildConfiguration section */
		ECCFC3371D98CE2A00D2AA99 /* Debug */ = {
			isa = XCBuildConfiguration;
			buildSettings = {
				ALWAYS_SEARCH_USER_PATHS = NO;
				CLANG_ANALYZER_NONNULL = YES;
				CLANG_CXX_LANGUAGE_STANDARD = "gnu++0x";
				CLANG_CXX_LIBRARY = "libc++";
				CLANG_ENABLE_MODULES = YES;
				CLANG_ENABLE_OBJC_ARC = YES;
				CLANG_WARN_BOOL_CONVERSION = YES;
				CLANG_WARN_CONSTANT_CONVERSION = YES;
				CLANG_WARN_DIRECT_OBJC_ISA_USAGE = YES_ERROR;
				CLANG_WARN_DOCUMENTATION_COMMENTS = YES;
				CLANG_WARN_EMPTY_BODY = YES;
				CLANG_WARN_ENUM_CONVERSION = YES;
				CLANG_WARN_INFINITE_RECURSION = YES;
				CLANG_WARN_INT_CONVERSION = YES;
				CLANG_WARN_OBJC_ROOT_CLASS = YES_ERROR;
				CLANG_WARN_SUSPICIOUS_MOVES = YES;
				CLANG_WARN_UNREACHABLE_CODE = YES;
				CLANG_WARN__DUPLICATE_METHOD_MATCH = YES;
				"CODE_SIGN_IDENTITY[sdk=iphoneos*]" = "iPhone Developer";
				COPY_PHASE_STRIP = NO;
				DEBUG_INFORMATION_FORMAT = dwarf;
				ENABLE_STRICT_OBJC_MSGSEND = YES;
				ENABLE_TESTABILITY = YES;
				GCC_C_LANGUAGE_STANDARD = gnu99;
				GCC_DYNAMIC_NO_PIC = NO;
				GCC_NO_COMMON_BLOCKS = YES;
				GCC_OPTIMIZATION_LEVEL = 0;
				GCC_PREPROCESSOR_DEFINITIONS = (
					"DEBUG=1",
					"$(inherited)",
				);
				GCC_WARN_64_TO_32_BIT_CONVERSION = YES;
				GCC_WARN_ABOUT_RETURN_TYPE = YES_ERROR;
				GCC_WARN_UNDECLARED_SELECTOR = YES;
				GCC_WARN_UNINITIALIZED_AUTOS = YES_AGGRESSIVE;
				GCC_WARN_UNUSED_FUNCTION = YES;
				GCC_WARN_UNUSED_VARIABLE = YES;
				IPHONEOS_DEPLOYMENT_TARGET = 10.0;
				MTL_ENABLE_DEBUG_INFO = YES;
				ONLY_ACTIVE_ARCH = YES;
				SDKROOT = iphoneos;
				SWIFT_ACTIVE_COMPILATION_CONDITIONS = DEBUG;
				SWIFT_OPTIMIZATION_LEVEL = "-Onone";
				TARGETED_DEVICE_FAMILY = "1,2";
			};
			name = Debug;
		};
		ECCFC3381D98CE2A00D2AA99 /* Release */ = {
			isa = XCBuildConfiguration;
			buildSettings = {
				ALWAYS_SEARCH_USER_PATHS = NO;
				CLANG_ANALYZER_NONNULL = YES;
				CLANG_CXX_LANGUAGE_STANDARD = "gnu++0x";
				CLANG_CXX_LIBRARY = "libc++";
				CLANG_ENABLE_MODULES = YES;
				CLANG_ENABLE_OBJC_ARC = YES;
				CLANG_WARN_BOOL_CONVERSION = YES;
				CLANG_WARN_CONSTANT_CONVERSION = YES;
				CLANG_WARN_DIRECT_OBJC_ISA_USAGE = YES_ERROR;
				CLANG_WARN_DOCUMENTATION_COMMENTS = YES;
				CLANG_WARN_EMPTY_BODY = YES;
				CLANG_WARN_ENUM_CONVERSION = YES;
				CLANG_WARN_INFINITE_RECURSION = YES;
				CLANG_WARN_INT_CONVERSION = YES;
				CLANG_WARN_OBJC_ROOT_CLASS = YES_ERROR;
				CLANG_WARN_SUSPICIOUS_MOVES = YES;
				CLANG_WARN_UNREACHABLE_CODE = YES;
				CLANG_WARN__DUPLICATE_METHOD_MATCH = YES;
				"CODE_SIGN_IDENTITY[sdk=iphoneos*]" = "iPhone Developer";
				COPY_PHASE_STRIP = NO;
				DEBUG_INFORMATION_FORMAT = "dwarf-with-dsym";
				ENABLE_NS_ASSERTIONS = NO;
				ENABLE_STRICT_OBJC_MSGSEND = YES;
				GCC_C_LANGUAGE_STANDARD = gnu99;
				GCC_NO_COMMON_BLOCKS = YES;
				GCC_WARN_64_TO_32_BIT_CONVERSION = YES;
				GCC_WARN_ABOUT_RETURN_TYPE = YES_ERROR;
				GCC_WARN_UNDECLARED_SELECTOR = YES;
				GCC_WARN_UNINITIALIZED_AUTOS = YES_AGGRESSIVE;
				GCC_WARN_UNUSED_FUNCTION = YES;
				GCC_WARN_UNUSED_VARIABLE = YES;
				IPHONEOS_DEPLOYMENT_TARGET = 10.0;
				MTL_ENABLE_DEBUG_INFO = NO;
				SDKROOT = iphoneos;
				SWIFT_OPTIMIZATION_LEVEL = "-Owholemodule";
				TARGETED_DEVICE_FAMILY = "1,2";
				VALIDATE_PRODUCT = YES;
			};
			name = Release;
		};
		ECCFC33A1D98CE2A00D2AA99 /* Debug */ = {
			isa = XCBuildConfiguration;
			buildSettings = {
				ASSETCATALOG_COMPILER_APPICON_NAME = AppIcon;
				DEVELOPMENT_TEAM = 3S72DANBXZ;
				ENABLE_BITCODE = NO;
				INFOPLIST_FILE = Snack/Info.plist;
				LD_RUNPATH_SEARCH_PATHS = "$(inherited) @executable_path/Frameworks";
				PRODUCT_BUNDLE_IDENTIFIER = XDEX.Snack;
				PRODUCT_NAME = "$(TARGET_NAME)";
				SWIFT_VERSION = 3.0;
			};
			name = Debug;
		};
		ECCFC33B1D98CE2A00D2AA99 /* Release */ = {
			isa = XCBuildConfiguration;
			buildSettings = {
				ASSETCATALOG_COMPILER_APPICON_NAME = AppIcon;
				DEVELOPMENT_TEAM = 3S72DANBXZ;
				ENABLE_BITCODE = NO;
				INFOPLIST_FILE = Snack/Info.plist;
				LD_RUNPATH_SEARCH_PATHS = "$(inherited) @executable_path/Frameworks";
				PRODUCT_BUNDLE_IDENTIFIER = XDEX.Snack;
				PRODUCT_NAME = "$(TARGET_NAME)";
				SWIFT_VERSION = 3.0;
			};
			name = Release;
		};
		ECCFC33D1D98CE2A00D2AA99 /* Debug */ = {
			isa = XCBuildConfiguration;
			buildSettings = {
				ALWAYS_EMBED_SWIFT_STANDARD_LIBRARIES = YES;
				BUNDLE_LOADER = "$(TEST_HOST)";
				DEVELOPMENT_TEAM = 3S72DANBXZ;
				INFOPLIST_FILE = SnackTests/Info.plist;
				LD_RUNPATH_SEARCH_PATHS = "$(inherited) @executable_path/Frameworks @loader_path/Frameworks";
				PRODUCT_BUNDLE_IDENTIFIER = XDEX.SnackTests;
				PRODUCT_NAME = "$(TARGET_NAME)";
				SWIFT_VERSION = 3.0;
				TEST_HOST = "$(BUILT_PRODUCTS_DIR)/Snack.app/Snack";
			};
			name = Debug;
		};
		ECCFC33E1D98CE2A00D2AA99 /* Release */ = {
			isa = XCBuildConfiguration;
			buildSettings = {
				ALWAYS_EMBED_SWIFT_STANDARD_LIBRARIES = YES;
				BUNDLE_LOADER = "$(TEST_HOST)";
				DEVELOPMENT_TEAM = 3S72DANBXZ;
				INFOPLIST_FILE = SnackTests/Info.plist;
				LD_RUNPATH_SEARCH_PATHS = "$(inherited) @executable_path/Frameworks @loader_path/Frameworks";
				PRODUCT_BUNDLE_IDENTIFIER = XDEX.SnackTests;
				PRODUCT_NAME = "$(TARGET_NAME)";
				SWIFT_VERSION = 3.0;
				TEST_HOST = "$(BUILT_PRODUCTS_DIR)/Snack.app/Snack";
			};
			name = Release;
		};
		ECCFC3401D98CE2A00D2AA99 /* Debug */ = {
			isa = XCBuildConfiguration;
			buildSettings = {
				ALWAYS_EMBED_SWIFT_STANDARD_LIBRARIES = YES;
				DEVELOPMENT_TEAM = 3S72DANBXZ;
				INFOPLIST_FILE = SnackUITests/Info.plist;
				LD_RUNPATH_SEARCH_PATHS = "$(inherited) @executable_path/Frameworks @loader_path/Frameworks";
				PRODUCT_BUNDLE_IDENTIFIER = XDEX.SnackUITests;
				PRODUCT_NAME = "$(TARGET_NAME)";
				SWIFT_VERSION = 3.0;
				TEST_TARGET_NAME = Snack;
			};
			name = Debug;
		};
		ECCFC3411D98CE2A00D2AA99 /* Release */ = {
			isa = XCBuildConfiguration;
			buildSettings = {
				ALWAYS_EMBED_SWIFT_STANDARD_LIBRARIES = YES;
				DEVELOPMENT_TEAM = 3S72DANBXZ;
				INFOPLIST_FILE = SnackUITests/Info.plist;
				LD_RUNPATH_SEARCH_PATHS = "$(inherited) @executable_path/Frameworks @loader_path/Frameworks";
				PRODUCT_BUNDLE_IDENTIFIER = XDEX.SnackUITests;
				PRODUCT_NAME = "$(TARGET_NAME)";
				SWIFT_VERSION = 3.0;
				TEST_TARGET_NAME = Snack;
			};
			name = Release;
		};
/* End XCBuildConfiguration section */

/* Begin XCConfigurationList section */
		ECCFC3091D98CE2A00D2AA99 /* Build configuration list for PBXProject "Snack" */ = {
			isa = XCConfigurationList;
			buildConfigurations = (
				ECCFC3371D98CE2A00D2AA99 /* Debug */,
				ECCFC3381D98CE2A00D2AA99 /* Release */,
			);
			defaultConfigurationIsVisible = 0;
			defaultConfigurationName = Release;
		};
		ECCFC3391D98CE2A00D2AA99 /* Build configuration list for PBXNativeTarget "Snack" */ = {
			isa = XCConfigurationList;
			buildConfigurations = (
				ECCFC33A1D98CE2A00D2AA99 /* Debug */,
				ECCFC33B1D98CE2A00D2AA99 /* Release */,
			);
			defaultConfigurationIsVisible = 0;
			defaultConfigurationName = Release;
		};
		ECCFC33C1D98CE2A00D2AA99 /* Build configuration list for PBXNativeTarget "SnackTests" */ = {
			isa = XCConfigurationList;
			buildConfigurations = (
				ECCFC33D1D98CE2A00D2AA99 /* Debug */,
				ECCFC33E1D98CE2A00D2AA99 /* Release */,
			);
			defaultConfigurationIsVisible = 0;
			defaultConfigurationName = Release;
		};
		ECCFC33F1D98CE2A00D2AA99 /* Build configuration list for PBXNativeTarget "SnackUITests" */ = {
			isa = XCConfigurationList;
			buildConfigurations = (
				ECCFC3401D98CE2A00D2AA99 /* Debug */,
				ECCFC3411D98CE2A00D2AA99 /* Release */,
			);
			defaultConfigurationIsVisible = 0;
			defaultConfigurationName = Release;
		};
/* End XCConfigurationList section */

/* Begin XCVersionGroup section */
		ECCFC3181D98CE2A00D2AA99 /* Snack.xcdatamodeld */ = {
			isa = XCVersionGroup;
			children = (
				ECCFC3191D98CE2A00D2AA99 /* Snack.xcdatamodel */,
			);
			currentVersion = ECCFC3191D98CE2A00D2AA99 /* Snack.xcdatamodel */;
			path = Snack.xcdatamodeld;
			sourceTree = "<group>";
			versionGroupType = wrapper.xcdatamodel;
		};
/* End XCVersionGroup section */
	};
	rootObject = ECCFC3061D98CE2A00D2AA99 /* Project object */;
}
